{
    "_readme": [
        "This file locks the dependencies of your project to a known state",
        "Read more about it at https://getcomposer.org/doc/01-basic-usage.md#installing-dependencies",
        "This file is @generated automatically"
    ],
    "content-hash": "f7a0a0b5636e5cbf40a1470262b26eed",
    "packages": [
        {
            "name": "adlerweb/awtools",
            "version": "v0.2.3",
            "source": {
                "type": "git",
                "url": "https://github.com/adlerweb/awtools.git",
                "reference": "51a5e232b623385adae58dcf9aebd34dd938d342"
            },
            "dist": {
                "type": "zip",
                "url": "https://api.github.com/repos/adlerweb/awtools/zipball/51a5e232b623385adae58dcf9aebd34dd938d342",
                "reference": "51a5e232b623385adae58dcf9aebd34dd938d342",
                "shasum": ""
            },
            "require": {
                "php": ">=5.2"
            },
            "type": "component",
            "license": [
                "MIT"
            ],
            "authors": [
                {
                    "name": "Florian Knodt",
                    "email": "awtools@adlerweb.info"
                }
            ],
            "description": "Various wrappers to extend PHP functionality",
            "homepage": "https://github.com/adlerweb/awtools",
            "support": {
                "issues": "https://github.com/adlerweb/awtools/issues",
                "source": "https://github.com/adlerweb/awtools/tree/v0.2.3"
            },
            "time": "2017-05-20T23:39:29+00:00"
        },
        {
            "name": "adlerweb/calender-date-input",
            "version": "dev-master",
            "source": {
                "type": "git",
                "url": "https://github.com/adlerweb/calendarDateInput.git",
                "reference": "1c458ea3340a64f74e6551f80fd71ea7e8fac68a"
            },
            "dist": {
                "type": "zip",
                "url": "https://api.github.com/repos/adlerweb/calendarDateInput/zipball/1c458ea3340a64f74e6551f80fd71ea7e8fac68a",
                "reference": "1c458ea3340a64f74e6551f80fd71ea7e8fac68a",
                "shasum": ""
            },
            "type": "library",
            "license": [
                "unknown"
            ],
            "authors": [
                {
                    "name": "Jason Moon"
                },
                {
                    "name": "Florian Knodt",
                    "email": "legacy-cdi@adlerweb.info"
                }
            ],
            "description": "CalenderDateInput - Legacy JS date picker",
            "homepage": "https://github.com/adlerweb/CalenderDateInput",
            "support": {
                "source": "https://github.com/adlerweb/calendarDateInput/tree/master",
                "issues": "https://github.com/adlerweb/calendarDateInput/issues"
            },
            "time": "2017-05-28T09:41:59+00:00"
        },
        {
            "name": "components/jquery",
            "version": "3.2.1",
            "source": {
                "type": "git",
                "url": "https://github.com/components/jquery.git",
                "reference": "e5534d4ab8e80c159553d507e358ed20a806d3bf"
            },
            "dist": {
                "type": "zip",
                "url": "https://api.github.com/repos/components/jquery/zipball/e5534d4ab8e80c159553d507e358ed20a806d3bf",
                "reference": "e5534d4ab8e80c159553d507e358ed20a806d3bf",
                "shasum": ""
            },
            "type": "component",
            "extra": {
                "component": {
                    "scripts": [
                        "jquery.js"
                    ],
                    "files": [
                        "jquery.min.js",
                        "jquery.min.map",
                        "jquery.slim.js",
                        "jquery.slim.min.js",
                        "jquery.slim.min.map"
                    ]
                }
            },
            "notification-url": "https://packagist.org/downloads/",
            "license": [
                "MIT"
            ],
            "authors": [
                {
                    "name": "JS Foundation and other contributors"
                }
            ],
            "description": "jQuery JavaScript Library",
            "homepage": "http://jquery.com",
            "time": "2017-03-21T07:01:49+00:00"
        },
        {
            "name": "components/jqueryui",
            "version": "1.12.1",
            "source": {
                "type": "git",
                "url": "https://github.com/components/jqueryui.git",
                "reference": "44ecf3794cc56b65954cc19737234a3119d036cc"
            },
            "dist": {
                "type": "zip",
                "url": "https://api.github.com/repos/components/jqueryui/zipball/44ecf3794cc56b65954cc19737234a3119d036cc",
                "reference": "44ecf3794cc56b65954cc19737234a3119d036cc",
                "shasum": ""
            },
            "require": {
                "components/jquery": ">=1.6"
            },
            "type": "component",
            "extra": {
                "component": {
                    "name": "jquery-ui",
                    "scripts": [
                        "jquery-ui.js"
                    ],
                    "files": [
                        "ui/**",
                        "themes/**",
                        "jquery-ui.min.js"
                    ],
                    "shim": {
                        "deps": [
                            "jquery"
                        ],
                        "exports": "jQuery"
                    }
                }
            },
            "notification-url": "https://packagist.org/downloads/",
            "license": [
                "MIT"
            ],
            "authors": [
                {
                    "name": "jQuery UI Team",
                    "homepage": "http://jqueryui.com/about"
                },
                {
                    "name": "Joern Zaefferer",
                    "email": "joern.zaefferer@gmail.com",
                    "homepage": "http://bassistance.de"
                },
                {
                    "name": "Scott Gonzalez",
                    "email": "scott.gonzalez@gmail.com",
                    "homepage": "http://scottgonzalez.com"
                },
                {
                    "name": "Kris Borchers",
                    "email": "kris.borchers@gmail.com",
                    "homepage": "http://krisborchers.com"
                },
                {
                    "name": "Mike Sherov",
                    "email": "mike.sherov@gmail.com",
                    "homepage": "http://mike.sherov.com"
                },
                {
                    "name": "TJ VanToll",
                    "email": "tj.vantoll@gmail.com",
                    "homepage": "http://tjvantoll.com"
                },
                {
                    "name": "Corey Frang",
                    "email": "gnarf37@gmail.com",
                    "homepage": "http://gnarf.net"
                },
                {
                    "name": "Felix Nagel",
                    "email": "info@felixnagel.com",
                    "homepage": "http://www.felixnagel.com"
                }
            ],
            "description": "jQuery UI is a curated set of user interface interactions, effects, widgets, and themes built on top of the jQuery JavaScript Library. Whether you're building highly interactive web applications or you just need to add a date picker to a form control, jQuery UI is the perfect choice.",
            "time": "2016-09-16T05:47:55+00:00"
        },
        {
            "name": "datatables/datatables",
            "version": "1.10.19",
            "source": {
                "type": "git",
                "url": "https://github.com/DataTables/DataTables.git",
                "reference": "156faa83386460c578e00c460eca9766e38a0c5f"
            },
            "dist": {
                "type": "zip",
                "url": "https://api.github.com/repos/DataTables/DataTables/zipball/156faa83386460c578e00c460eca9766e38a0c5f",
                "reference": "156faa83386460c578e00c460eca9766e38a0c5f",
                "shasum": ""
            },
            "type": "library",
            "notification-url": "https://packagist.org/downloads/",
            "license": [
                "MIT"
            ],
            "description": "DataTables is a plug-in for the jQuery Javascript library. It is a highly flexible tool, based upon the foundations of progressive enhancement, which will add advanced interaction controls to any HTML table.",
            "homepage": "http://www.datatables.net/",
            "time": "2018-06-22T15:34:14+00:00"
        },
        {
            "name": "koala-framework/library-silkicons",
            "version": "v1.3",
            "source": {
                "type": "git",
                "url": "https://github.com/koala-framework/library-silkicons.git",
                "reference": "f7fee072786fc330bdbaf69d2fbf036f39eb53fa"
            },
            "dist": {
                "type": "zip",
                "url": "https://api.github.com/repos/koala-framework/library-silkicons/zipball/f7fee072786fc330bdbaf69d2fbf036f39eb53fa",
                "reference": "f7fee072786fc330bdbaf69d2fbf036f39eb53fa",
                "shasum": ""
            },
            "type": "library",
            "notification-url": "https://packagist.org/downloads/",
            "license": [
                "Creative Commons Attribution 2.5 License"
            ],
            "authors": [
                {
                    "name": "Mark James",
                    "homepage": "http://www.famfamfam.com/"
                }
            ],
            "description": "This is the Famfamfam silk icon set, wrapped into an easy to use PHP composer package.",
            "homepage": "http://www.famfamfam.com/",
            "keywords": [
                "famfamfam",
                "icons",
                "silk"
            ],
            "time": "2014-05-23T13:40:04+00:00"
        },
        {
            "name": "pixabay/jquery-tageditor",
            "version": "dev-master",
            "source": {
                "type": "git",
                "url": "https://github.com/adlerweb/jQuery-tagEditor.git",
                "reference": "408d323b00d378d6176832461f267203a601cd37"
            },
            "dist": {
                "type": "zip",
                "url": "https://api.github.com/repos/adlerweb/jQuery-tagEditor/zipball/408d323b00d378d6176832461f267203a601cd37",
                "reference": "408d323b00d378d6176832461f267203a601cd37",
                "shasum": ""
            },
            "type": "component",
            "license": [
                "MIT"
            ],
            "authors": [
                {
                    "name": "Simon Steinberger / Pixabay"
                }
            ],
            "description": "A powerful and lightweight tag editor plugin for jQuery.",
            "homepage": "https://goodies.pixabay.com/jquery/tag-editor/demo.html",
            "support": {
                "source": "https://github.com/Pixabay/jQuery-tagEditor"
            },
            "time": "2017-05-20T15:53:10+00:00"
        },
        {
            "name": "smarty/smarty",
            "version": "v3.1.33",
            "source": {
                "type": "git",
                "url": "https://github.com/smarty-php/smarty.git",
                "reference": "dd55b23121e55a3b4f1af90a707a6c4e5969530f"
            },
            "dist": {
                "type": "zip",
                "url": "https://api.github.com/repos/smarty-php/smarty/zipball/dd55b23121e55a3b4f1af90a707a6c4e5969530f",
                "reference": "dd55b23121e55a3b4f1af90a707a6c4e5969530f",
                "shasum": ""
            },
            "require": {
                "php": ">=5.2"
            },
            "type": "library",
            "extra": {
                "branch-alias": {
                    "dev-master": "3.1.x-dev"
                }
            },
            "autoload": {
                "files": [
                    "libs/bootstrap.php"
                ]
            },
            "notification-url": "https://packagist.org/downloads/",
            "license": [
                "LGPL-3.0"
            ],
            "authors": [
                {
                    "name": "Monte Ohrt",
                    "email": "monte@ohrt.com"
                },
                {
                    "name": "Uwe Tews",
                    "email": "uwe.tews@googlemail.com"
                },
                {
                    "name": "Rodney Rehm",
                    "email": "rodney.rehm@medialize.de"
                }
            ],
            "description": "Smarty - the compiling PHP template engine",
            "homepage": "http://www.smarty.net",
            "keywords": [
                "templating"
            ],
            "time": "2018-09-12T20:54:16+00:00"
        }
    ],
    "packages-dev": [],
    "aliases": [],
    "minimum-stability": "stable",
    "stability-flags": {
        "adlerweb/calender-date-input": 20,
        "pixabay/jquery-tageditor": 20
    },
    "prefer-stable": false,
    "prefer-lowest": false,
    "platform": {
        "php": ">=5.6"
    },
    "platform-dev": []
}
